Microsoft Visual Studio Solution File, Format Version 12.00
# Visual Studio 2012
Project("{FAE04EC0-301F-11D3-BF4B-00C04F79EFBC}") = "niveau 1", "niveau 1.csproj", "{8E6DEC80-47A8-48A4-BC63-0EFA38014ABE}"
EndProject
Global
	GlobalSection(SolutionConfigurationPlatforms) = preSolution
	Debug|Any CPU = Debug|Any CPU
	Release|Any CPU = Release|Any CPU
	Tools|Any CPU = Tools|Any CPU
	EndGlobalSection
	GlobalSection(ProjectConfigurationPlatforms) = postSolution
		{8E6DEC80-47A8-48A4-BC63-0EFA38014ABE}.Debug|Any CPU.ActiveCfg = Debug|Any CPU
		{8E6DEC80-47A8-48A4-BC63-0EFA38014ABE}.Debug|Any CPU.Build.0 = Debug|Any CPU
		{8E6DEC80-47A8-48A4-BC63-0EFA38014ABE}.Release|Any CPU.ActiveCfg = Release|Any CPU
		{8E6DEC80-47A8-48A4-BC63-0EFA38014ABE}.Release|Any CPU.Build.0 = Release|Any CPU
		{8E6DEC80-47A8-48A4-BC63-0EFA38014ABE}.Tools|Any CPU.ActiveCfg = Tools|Any CPU
		{8E6DEC80-47A8-48A4-BC63-0EFA38014ABE}.Tools|Any CPU.Build.0 = Tools|Any CPU
	EndGlobalSection
EndGlobal
